
Microsoft Visual Studio Solution File, Format Version 12.00
# Visual Studio Version 16
VisualStudioVersion = 16.0.31702.278
MinimumVisualStudioVersion = 10.0.40219.1
Project("{9A19103F-16F7-4668-BE54-9A1E7A4F7556}") = "Cat.Web", "Cat.Web\Cat.Web.csproj", "{A7ECC602-2290-49F6-98DB-08FB4AA67C59}"
EndProject
Project("{FAE04EC0-301F-11D3-BF4B-00C04F79EFBC}") = "Cat.Tests", "Cat.Tests\Cat.Tests.csproj", "{57AD798B-ACC8-4E57-8E83-1B34EE5D4E7E}"
EndProject
Global
	GlobalSection(SolutionConfigurationPlatforms) = preSolution
		Debug|Any CPU = Debug|Any CPU
		Release|Any CPU = Release|Any CPU
	EndGlobalSection
	GlobalSection(ProjectConfigurationPlatforms) = postSolution
		{A7ECC602-2290-49F6-98DB-08FB4AA67C59}.Debug|Any CPU.ActiveCfg = Debug|Any CPU
		{A7ECC602-2290-49F6-98DB-08FB4AA67C59}.Debug|Any CPU.Build.0 = Debug|Any CPU
		{A7ECC602-2290-49F6-98DB-08FB4AA67C59}.Release|Any CPU.ActiveCfg = Release|Any CPU
		{A7ECC602-2290-49F6-98DB-08FB4AA67C59}.Release|Any CPU.Build.0 = Release|Any CPU
		{57AD798B-ACC8-4E57-8E83-1B34EE5D4E7E}.Debug|Any CPU.ActiveCfg = Debug|Any CPU
		{57AD798B-ACC8-4E57-8E83-1B34EE5D4E7E}.Debug|Any CPU.Build.0 = Debug|Any CPU
		{57AD798B-ACC8-4E57-8E83-1B34EE5D4E7E}.Release|Any CPU.ActiveCfg = Release|Any CPU
		{57AD798B-ACC8-4E57-8E83-1B34EE5D4E7E}.Release|Any CPU.Build.0 = Release|Any CPU
	EndGlobalSection
	GlobalSection(SolutionProperties) = preSolution
		HideSolutionNode = FALSE
	EndGlobalSection
	GlobalSection(ExtensibilityGlobals) = postSolution
		SolutionGuid = {D81B55CC-2E67-4E76-B1E7-5DCEF992F7C0}
	EndGlobalSection
EndGlobal
